
Microsoft Visual Studio Solution File, Format Version 12.00
# Visual Studio Version 16
VisualStudioVersion = 16.0.28803.202
MinimumVisualStudioVersion = 10.0.40219.1
Project("{FAE04EC0-301F-11D3-BF4B-00C04F79EFBC}") = "AirsoftReservationsAPI", "AirsoftReservationsAPI\AirsoftReservationsAPI.csproj", "{D6332676-B75A-4C94-AA5B-87E676A042F1}"
EndProject
Project("{FAE04EC0-301F-11D3-BF4B-00C04F79EFBC}") = "AirsoftReservationsAPIServer", "AirsoftReservationsAPIServer\AirsoftReservationsAPIServer.csproj", "{D5291711-E5A5-4419-AD91-480000AA4DCC}"
EndProject
Global
	GlobalSection(SolutionConfigurationPlatforms) = preSolution
		Debug|Any CPU = Debug|Any CPU
		Release|Any CPU = Release|Any CPU
	EndGlobalSection
	GlobalSection(ProjectConfigurationPlatforms) = postSolution
		{D6332676-B75A-4C94-AA5B-87E676A042F1}.Debug|Any CPU.ActiveCfg = Debug|Any CPU
		{D6332676-B75A-4C94-AA5B-87E676A042F1}.Debug|Any CPU.Build.0 = Debug|Any CPU
		{D6332676-B75A-4C94-AA5B-87E676A042F1}.Release|Any CPU.ActiveCfg = Release|Any CPU
		{D6332676-B75A-4C94-AA5B-87E676A042F1}.Release|Any CPU.Build.0 = Release|Any CPU
		{D5291711-E5A5-4419-AD91-480000AA4DCC}.Debug|Any CPU.ActiveCfg = Debug|Any CPU
		{D5291711-E5A5-4419-AD91-480000AA4DCC}.Debug|Any CPU.Build.0 = Debug|Any CPU
		{D5291711-E5A5-4419-AD91-480000AA4DCC}.Release|Any CPU.ActiveCfg = Release|Any CPU
		{D5291711-E5A5-4419-AD91-480000AA4DCC}.Release|Any CPU.Build.0 = Release|Any CPU
	EndGlobalSection
	GlobalSection(SolutionProperties) = preSolution
		HideSolutionNode = FALSE
	EndGlobalSection
	GlobalSection(ExtensibilityGlobals) = postSolution
		SolutionGuid = {F2765EC8-0D19-414D-A503-68FA0C8ADC59}
	EndGlobalSection
EndGlobal
